
Microsoft Visual Studio Solution File, Format Version 12.00
# Visual Studio Version 17
VisualStudioVersion = 17.14.36623.8
MinimumVisualStudioVersion = 10.0.40219.1
Project("{2150E333-8FDC-42A3-9474-1A3956D46DE8}") = "src", "src", "{A1000001-0000-0000-0000-000000000001}"
EndProject
Project("{2150E333-8FDC-42A3-9474-1A3956D46DE8}") = "tests", "tests", "{A1000002-0000-0000-0000-000000000002}"
EndProject
Project("{FAE04EC0-301F-11D3-BF4B-00C04F79EFBC}") = "Starter.Domain", "src\Starter.Domain\Starter.Domain.csproj", "{B1000001-0000-0000-0000-000000000001}"
EndProject
Project("{FAE04EC0-301F-11D3-BF4B-00C04F79EFBC}") = "Starter.Shared", "src\Starter.Shared\Starter.Shared.csproj", "{B1000002-0000-0000-0000-000000000002}"
EndProject
Project("{FAE04EC0-301F-11D3-BF4B-00C04F79EFBC}") = "Starter.Application", "src\Starter.Application\Starter.Application.csproj", "{B1000003-0000-0000-0000-000000000003}"
EndProject
Project("{FAE04EC0-301F-11D3-BF4B-00C04F79EFBC}") = "Starter.Infrastructure", "src\Starter.Infrastructure\Starter.Infrastructure.csproj", "{B1000004-0000-0000-0000-000000000004}"
EndProject
Project("{FAE04EC0-301F-11D3-BF4B-00C04F79EFBC}") = "Starter.Infrastructure.Identity", "src\Starter.Infrastructure.Identity\Starter.Infrastructure.Identity.csproj", "{B1000005-0000-0000-0000-000000000005}"
EndProject
Project("{FAE04EC0-301F-11D3-BF4B-00C04F79EFBC}") = "Starter.Api", "src\Starter.Api\Starter.Api.csproj", "{B1000006-0000-0000-0000-000000000006}"
EndProject
Project("{FAE04EC0-301F-11D3-BF4B-00C04F79EFBC}") = "Starter.Api.Tests", "tests\Starter.Api.Tests\Starter.Api.Tests.csproj", "{C1000001-0000-0000-0000-000000000001}"
EndProject
Project("{FAE04EC0-301F-11D3-BF4B-00C04F79EFBC}") = "Starter.Abstractions", "src\Starter.Abstractions\Starter.Abstractions.csproj", "{CF613E71-915B-48B4-BF2B-764DE3D036C9}"
EndProject
Project("{FAE04EC0-301F-11D3-BF4B-00C04F79EFBC}") = "Starter.Abstractions.Web", "src\Starter.Abstractions.Web\Starter.Abstractions.Web.csproj", "{6E5C2F4A-9D8B-4C3E-B7A1-2F5D8E9C0A1B}"
EndProject
Project("{2150E333-8FDC-42A3-9474-1A3956D46DE8}") = "modules", "modules", "{FA170C0A-17C4-CD5A-EA12-445AFE5E2D23}"
EndProject
Project("{FAE04EC0-301F-11D3-BF4B-00C04F79EFBC}") = "Starter.Module.Webhooks", "src\modules\Starter.Module.Webhooks\Starter.Module.Webhooks.csproj", "{D8A1F3B2-5C4E-4A9D-B6E7-1F2A3C4D5E6F}"
EndProject
Project("{FAE04EC0-301F-11D3-BF4B-00C04F79EFBC}") = "Starter.Module.ImportExport", "src\modules\Starter.Module.ImportExport\Starter.Module.ImportExport.csproj", "{74F67702-8B8E-4E6D-A804-829CF751E9E7}"
EndProject
Project("{FAE04EC0-301F-11D3-BF4B-00C04F79EFBC}") = "Starter.Module.Billing", "src\modules\Starter.Module.Billing\Starter.Module.Billing.csproj", "{2519B378-18A1-4595-B79D-880C9D9DE291}"
EndProject
Project("{FAE04EC0-301F-11D3-BF4B-00C04F79EFBC}") = "Starter.Module.Products", "src\modules\Starter.Module.Products\Starter.Module.Products.csproj", "{3A4B5C6D-7E8F-9A0B-C1D2-E3F4A5B6C7D8}"
EndProject
Project("{FAE04EC0-301F-11D3-BF4B-00C04F79EFBC}") = "Starter.Module.AI", "src\modules\Starter.Module.AI\Starter.Module.AI.csproj", "{DAF79C4F-0F5F-46DE-B117-9F5B32548ACE}"
EndProject
Project("{FAE04EC0-301F-11D3-BF4B-00C04F79EFBC}") = "Starter.Module.CommentsActivity", "src\modules\Starter.Module.CommentsActivity\Starter.Module.CommentsActivity.csproj", "{EF4E301A-BCE7-4BDD-8D27-E9D264C275C1}"
EndProject
Project("{FAE04EC0-301F-11D3-BF4B-00C04F79EFBC}") = "Starter.Module.Communication", "src\modules\Starter.Module.Communication\Starter.Module.Communication.csproj", "{1AA3842A-B041-4C8F-8E4F-99ACF7DF1552}"
EndProject
Project("{FAE04EC0-301F-11D3-BF4B-00C04F79EFBC}") = "Starter.Module.Workflow", "src\modules\Starter.Module.Workflow\Starter.Module.Workflow.csproj", "{0B73D7C1-6CEE-41ED-AD22-29A9C970C2CF}"
EndProject
Global
	GlobalSection(SolutionConfigurationPlatforms) = preSolution
		Debug|Any CPU = Debug|Any CPU
		Debug|x64 = Debug|x64
		Debug|x86 = Debug|x86
		Release|Any CPU = Release|Any CPU
		Release|x64 = Release|x64
		Release|x86 = Release|x86
	EndGlobalSection
	GlobalSection(ProjectConfigurationPlatforms) = postSolution
		{B1000001-0000-0000-0000-000000000001}.Debug|Any CPU.ActiveCfg = Debug|Any CPU
		{B1000001-0000-0000-0000-000000000001}.Debug|Any CPU.Build.0 = Debug|Any CPU
		{B1000001-0000-0000-0000-000000000001}.Debug|x64.ActiveCfg = Debug|Any CPU
		{B1000001-0000-0000-0000-000000000001}.Debug|x64.Build.0 = Debug|Any CPU
		{B1000001-0000-0000-0000-000000000001}.Debug|x86.ActiveCfg = Debug|Any CPU
		{B1000001-0000-0000-0000-000000000001}.Debug|x86.Build.0 = Debug|Any CPU
		{B1000001-0000-0000-0000-000000000001}.Release|Any CPU.ActiveCfg = Release|Any CPU
		{B1000001-0000-0000-0000-000000000001}.Release|Any CPU.Build.0 = Release|Any CPU
		{B1000001-0000-0000-0000-000000000001}.Release|x64.ActiveCfg = Release|Any CPU
		{B1000001-0000-0000-0000-000000000001}.Release|x64.Build.0 = Release|Any CPU
		{B1000001-0000-0000-0000-000000000001}.Release|x86.ActiveCfg = Release|Any CPU
		{B1000001-0000-0000-0000-000000000001}.Release|x86.Build.0 = Release|Any CPU
		{B1000002-0000-0000-0000-000000000002}.Debug|Any CPU.ActiveCfg = Debug|Any CPU
		{B1000002-0000-0000-0000-000000000002}.Debug|Any CPU.Build.0 = Debug|Any CPU
		{B1000002-0000-0000-0000-000000000002}.Debug|x64.ActiveCfg = Debug|Any CPU
		{B1000002-0000-0000-0000-000000000002}.Debug|x64.Build.0 = Debug|Any CPU
		{B1000002-0000-0000-0000-000000000002}.Debug|x86.ActiveCfg = Debug|Any CPU
		{B1000002-0000-0000-0000-000000000002}.Debug|x86.Build.0 = Debug|Any CPU
		{B1000002-0000-0000-0000-000000000002}.Release|Any CPU.ActiveCfg = Release|Any CPU
		{B1000002-0000-0000-0000-000000000002}.Release|Any CPU.Build.0 = Release|Any CPU
		{B1000002-0000-0000-0000-000000000002}.Release|x64.ActiveCfg = Release|Any CPU
		{B1000002-0000-0000-0000-000000000002}.Release|x64.Build.0 = Release|Any CPU
		{B1000002-0000-0000-0000-000000000002}.Release|x86.ActiveCfg = Release|Any CPU
		{B1000002-0000-0000-0000-000000000002}.Release|x86.Build.0 = Release|Any CPU
		{B1000003-0000-0000-0000-000000000003}.Debug|Any CPU.ActiveCfg = Debug|Any CPU
		{B1000003-0000-0000-0000-000000000003}.Debug|Any CPU.Build.0 = Debug|Any CPU
		{B1000003-0000-0000-0000-000000000003}.Debug|x64.ActiveCfg = Debug|Any CPU
		{B1000003-0000-0000-0000-000000000003}.Debug|x64.Build.0 = Debug|Any CPU
		{B1000003-0000-0000-0000-000000000003}.Debug|x86.ActiveCfg = Debug|Any CPU
		{B1000003-0000-0000-0000-000000000003}.Debug|x86.Build.0 = Debug|Any CPU
		{B1000003-0000-0000-0000-000000000003}.Release|Any CPU.ActiveCfg = Release|Any CPU
		{B1000003-0000-0000-0000-000000000003}.Release|Any CPU.Build.0 = Release|Any CPU
		{B1000003-0000-0000-0000-000000000003}.Release|x64.ActiveCfg = Release|Any CPU
		{B1000003-0000-0000-0000-000000000003}.Release|x64.Build.0 = Release|Any CPU
		{B1000003-0000-0000-0000-000000000003}.Release|x86.ActiveCfg = Release|Any CPU
		{B1000003-0000-0000-0000-000000000003}.Release|x86.Build.0 = Release|Any CPU
		{B1000004-0000-0000-0000-000000000004}.Debug|Any CPU.ActiveCfg = Debug|Any CPU
		{B1000004-0000-0000-0000-000000000004}.Debug|Any CPU.Build.0 = Debug|Any CPU
		{B1000004-0000-0000-0000-000000000004}.Debug|x64.ActiveCfg = Debug|Any CPU
		{B1000004-0000-0000-0000-000000000004}.Debug|x64.Build.0 = Debug|Any CPU
		{B1000004-0000-0000-0000-000000000004}.Debug|x86.ActiveCfg = Debug|Any CPU
		{B1000004-0000-0000-0000-000000000004}.Debug|x86.Build.0 = Debug|Any CPU
		{B1000004-0000-0000-0000-000000000004}.Release|Any CPU.ActiveCfg = Release|Any CPU
		{B1000004-0000-0000-0000-000000000004}.Release|Any CPU.Build.0 = Release|Any CPU
		{B1000004-0000-0000-0000-000000000004}.Release|x64.ActiveCfg = Release|Any CPU
		{B1000004-0000-0000-0000-000000000004}.Release|x64.Build.0 = Release|Any CPU
		{B1000004-0000-0000-0000-000000000004}.Release|x86.ActiveCfg = Release|Any CPU
		{B1000004-0000-0000-0000-000000000004}.Release|x86.Build.0 = Release|Any CPU
		{B1000005-0000-0000-0000-000000000005}.Debug|Any CPU.ActiveCfg = Debug|Any CPU
		{B1000005-0000-0000-0000-000000000005}.Debug|Any CPU.Build.0 = Debug|Any CPU
		{B1000005-0000-0000-0000-000000000005}.Debug|x64.ActiveCfg = Debug|Any CPU
		{B1000005-0000-0000-0000-000000000005}.Debug|x64.Build.0 = Debug|Any CPU
		{B1000005-0000-0000-0000-000000000005}.Debug|x86.ActiveCfg = Debug|Any CPU
		{B1000005-0000-0000-0000-000000000005}.Debug|x86.Build.0 = Debug|Any CPU
		{B1000005-0000-0000-0000-000000000005}.Release|Any CPU.ActiveCfg = Release|Any CPU
		{B1000005-0000-0000-0000-000000000005}.Release|Any CPU.Build.0 = Release|Any CPU
		{B1000005-0000-0000-0000-000000000005}.Release|x64.ActiveCfg = Release|Any CPU
		{B1000005-0000-0000-0000-000000000005}.Release|x64.Build.0 = Release|Any CPU
		{B1000005-0000-0000-0000-000000000005}.Release|x86.ActiveCfg = Release|Any CPU
		{B1000005-0000-0000-0000-000000000005}.Release|x86.Build.0 = Release|Any CPU
		{B1000006-0000-0000-0000-000000000006}.Debug|Any CPU.ActiveCfg = Debug|Any CPU
		{B1000006-0000-0000-0000-000000000006}.Debug|Any CPU.Build.0 = Debug|Any CPU
		{B1000006-0000-0000-0000-000000000006}.Debug|x64.ActiveCfg = Debug|Any CPU
		{B1000006-0000-0000-0000-000000000006}.Debug|x64.Build.0 = Debug|Any CPU
		{B1000006-0000-0000-0000-000000000006}.Debug|x86.ActiveCfg = Debug|Any CPU
		{B1000006-0000-0000-0000-000000000006}.Debug|x86.Build.0 = Debug|Any CPU
		{B1000006-0000-0000-0000-000000000006}.Release|Any CPU.ActiveCfg = Release|Any CPU
		{B1000006-0000-0000-0000-000000000006}.Release|Any CPU.Build.0 = Release|Any CPU
		{B1000006-0000-0000-0000-000000000006}.Release|x64.ActiveCfg = Release|Any CPU
		{B1000006-0000-0000-0000-000000000006}.Release|x64.Build.0 = Release|Any CPU
		{B1000006-0000-0000-0000-000000000006}.Release|x86.ActiveCfg = Release|Any CPU
		{B1000006-0000-0000-0000-000000000006}.Release|x86.Build.0 = Release|Any CPU
		{C1000001-0000-0000-0000-000000000001}.Debug|Any CPU.ActiveCfg = Debug|Any CPU
		{C1000001-0000-0000-0000-000000000001}.Debug|Any CPU.Build.0 = Debug|Any CPU
		{C1000001-0000-0000-0000-000000000001}.Debug|x64.ActiveCfg = Debug|Any CPU
		{C1000001-0000-0000-0000-000000000001}.Debug|x64.Build.0 = Debug|Any CPU
		{C1000001-0000-0000-0000-000000000001}.Debug|x86.ActiveCfg = Debug|Any CPU
		{C1000001-0000-0000-0000-000000000001}.Debug|x86.Build.0 = Debug|Any CPU
		{C1000001-0000-0000-0000-000000000001}.Release|Any CPU.ActiveCfg = Release|Any CPU
		{C1000001-0000-0000-0000-000000000001}.Release|Any CPU.Build.0 = Release|Any CPU
		{C1000001-0000-0000-0000-000000000001}.Release|x64.ActiveCfg = Release|Any CPU
		{C1000001-0000-0000-0000-000000000001}.Release|x64.Build.0 = Release|Any CPU
		{C1000001-0000-0000-0000-000000000001}.Release|x86.ActiveCfg = Release|Any CPU
		{C1000001-0000-0000-0000-000000000001}.Release|x86.Build.0 = Release|Any CPU
		{CF613E71-915B-48B4-BF2B-764DE3D036C9}.Debug|Any CPU.ActiveCfg = Debug|Any CPU
		{CF613E71-915B-48B4-BF2B-764DE3D036C9}.Debug|Any CPU.Build.0 = Debug|Any CPU
		{CF613E71-915B-48B4-BF2B-764DE3D036C9}.Debug|x64.ActiveCfg = Debug|Any CPU
		{CF613E71-915B-48B4-BF2B-764DE3D036C9}.Debug|x64.Build.0 = Debug|Any CPU
		{CF613E71-915B-48B4-BF2B-764DE3D036C9}.Debug|x86.ActiveCfg = Debug|Any CPU
		{CF613E71-915B-48B4-BF2B-764DE3D036C9}.Debug|x86.Build.0 = Debug|Any CPU
		{CF613E71-915B-48B4-BF2B-764DE3D036C9}.Release|Any CPU.ActiveCfg = Release|Any CPU
		{CF613E71-915B-48B4-BF2B-764DE3D036C9}.Release|Any CPU.Build.0 = Release|Any CPU
		{CF613E71-915B-48B4-BF2B-764DE3D036C9}.Release|x64.ActiveCfg = Release|Any CPU
		{CF613E71-915B-48B4-BF2B-764DE3D036C9}.Release|x64.Build.0 = Release|Any CPU
		{CF613E71-915B-48B4-BF2B-764DE3D036C9}.Release|x86.ActiveCfg = Release|Any CPU
		{CF613E71-915B-48B4-BF2B-764DE3D036C9}.Release|x86.Build.0 = Release|Any CPU
		{6E5C2F4A-9D8B-4C3E-B7A1-2F5D8E9C0A1B}.Debug|Any CPU.ActiveCfg = Debug|Any CPU
		{6E5C2F4A-9D8B-4C3E-B7A1-2F5D8E9C0A1B}.Debug|Any CPU.Build.0 = Debug|Any CPU
		{6E5C2F4A-9D8B-4C3E-B7A1-2F5D8E9C0A1B}.Debug|x64.ActiveCfg = Debug|Any CPU
		{6E5C2F4A-9D8B-4C3E-B7A1-2F5D8E9C0A1B}.Debug|x64.Build.0 = Debug|Any CPU
		{6E5C2F4A-9D8B-4C3E-B7A1-2F5D8E9C0A1B}.Debug|x86.ActiveCfg = Debug|Any CPU
		{6E5C2F4A-9D8B-4C3E-B7A1-2F5D8E9C0A1B}.Debug|x86.Build.0 = Debug|Any CPU
		{6E5C2F4A-9D8B-4C3E-B7A1-2F5D8E9C0A1B}.Release|Any CPU.ActiveCfg = Release|Any CPU
		{6E5C2F4A-9D8B-4C3E-B7A1-2F5D8E9C0A1B}.Release|Any CPU.Build.0 = Release|Any CPU
		{6E5C2F4A-9D8B-4C3E-B7A1-2F5D8E9C0A1B}.Release|x64.ActiveCfg = Release|Any CPU
		{6E5C2F4A-9D8B-4C3E-B7A1-2F5D8E9C0A1B}.Release|x64.Build.0 = Release|Any CPU
		{6E5C2F4A-9D8B-4C3E-B7A1-2F5D8E9C0A1B}.Release|x86.ActiveCfg = Release|Any CPU
		{6E5C2F4A-9D8B-4C3E-B7A1-2F5D8E9C0A1B}.Release|x86.Build.0 = Release|Any CPU
		{D8A1F3B2-5C4E-4A9D-B6E7-1F2A3C4D5E6F}.Debug|Any CPU.ActiveCfg = Debug|Any CPU
		{D8A1F3B2-5C4E-4A9D-B6E7-1F2A3C4D5E6F}.Debug|Any CPU.Build.0 = Debug|Any CPU
		{D8A1F3B2-5C4E-4A9D-B6E7-1F2A3C4D5E6F}.Debug|x64.ActiveCfg = Debug|Any CPU
		{D8A1F3B2-5C4E-4A9D-B6E7-1F2A3C4D5E6F}.Debug|x64.Build.0 = Debug|Any CPU
		{D8A1F3B2-5C4E-4A9D-B6E7-1F2A3C4D5E6F}.Debug|x86.ActiveCfg = Debug|Any CPU
		{D8A1F3B2-5C4E-4A9D-B6E7-1F2A3C4D5E6F}.Debug|x86.Build.0 = Debug|Any CPU
		{D8A1F3B2-5C4E-4A9D-B6E7-1F2A3C4D5E6F}.Release|Any CPU.ActiveCfg = Release|Any CPU
		{D8A1F3B2-5C4E-4A9D-B6E7-1F2A3C4D5E6F}.Release|Any CPU.Build.0 = Release|Any CPU
		{D8A1F3B2-5C4E-4A9D-B6E7-1F2A3C4D5E6F}.Release|x64.ActiveCfg = Release|Any CPU
		{D8A1F3B2-5C4E-4A9D-B6E7-1F2A3C4D5E6F}.Release|x64.Build.0 = Release|Any CPU
		{D8A1F3B2-5C4E-4A9D-B6E7-1F2A3C4D5E6F}.Release|x86.ActiveCfg = Release|Any CPU
		{D8A1F3B2-5C4E-4A9D-B6E7-1F2A3C4D5E6F}.Release|x86.Build.0 = Release|Any CPU
		{74F67702-8B8E-4E6D-A804-829CF751E9E7}.Debug|Any CPU.ActiveCfg = Debug|Any CPU
		{74F67702-8B8E-4E6D-A804-829CF751E9E7}.Debug|Any CPU.Build.0 = Debug|Any CPU
		{74F67702-8B8E-4E6D-A804-829CF751E9E7}.Debug|x64.ActiveCfg = Debug|Any CPU
		{74F67702-8B8E-4E6D-A804-829CF751E9E7}.Debug|x64.Build.0 = Debug|Any CPU
		{74F67702-8B8E-4E6D-A804-829CF751E9E7}.Debug|x86.ActiveCfg = Debug|Any CPU
		{74F67702-8B8E-4E6D-A804-829CF751E9E7}.Debug|x86.Build.0 = Debug|Any CPU
		{74F67702-8B8E-4E6D-A804-829CF751E9E7}.Release|Any CPU.ActiveCfg = Release|Any CPU
		{74F67702-8B8E-4E6D-A804-829CF751E9E7}.Release|Any CPU.Build.0 = Release|Any CPU
		{74F67702-8B8E-4E6D-A804-829CF751E9E7}.Release|x64.ActiveCfg = Release|Any CPU
		{74F67702-8B8E-4E6D-A804-829CF751E9E7}.Release|x64.Build.0 = Release|Any CPU
		{74F67702-8B8E-4E6D-A804-829CF751E9E7}.Release|x86.ActiveCfg = Release|Any CPU
		{74F67702-8B8E-4E6D-A804-829CF751E9E7}.Release|x86.Build.0 = Release|Any CPU
		{2519B378-18A1-4595-B79D-880C9D9DE291}.Debug|Any CPU.ActiveCfg = Debug|Any CPU
		{2519B378-18A1-4595-B79D-880C9D9DE291}.Debug|Any CPU.Build.0 = Debug|Any CPU
		{2519B378-18A1-4595-B79D-880C9D9DE291}.Debug|x64.ActiveCfg = Debug|Any CPU
		{2519B378-18A1-4595-B79D-880C9D9DE291}.Debug|x64.Build.0 = Debug|Any CPU
		{2519B378-18A1-4595-B79D-880C9D9DE291}.Debug|x86.ActiveCfg = Debug|Any CPU
		{2519B378-18A1-4595-B79D-880C9D9DE291}.Debug|x86.Build.0 = Debug|Any CPU
		{2519B378-18A1-4595-B79D-880C9D9DE291}.Release|Any CPU.ActiveCfg = Release|Any CPU
		{2519B378-18A1-4595-B79D-880C9D9DE291}.Release|Any CPU.Build.0 = Release|Any CPU
		{2519B378-18A1-4595-B79D-880C9D9DE291}.Release|x64.ActiveCfg = Release|Any CPU
		{2519B378-18A1-4595-B79D-880C9D9DE291}.Release|x64.Build.0 = Release|Any CPU
		{2519B378-18A1-4595-B79D-880C9D9DE291}.Release|x86.ActiveCfg = Release|Any CPU
		{2519B378-18A1-4595-B79D-880C9D9DE291}.Release|x86.Build.0 = Release|Any CPU
		{DAF79C4F-0F5F-46DE-B117-9F5B32548ACE}.Debug|Any CPU.ActiveCfg = Debug|Any CPU
		{DAF79C4F-0F5F-46DE-B117-9F5B32548ACE}.Debug|Any CPU.Build.0 = Debug|Any CPU
		{DAF79C4F-0F5F-46DE-B117-9F5B32548ACE}.Debug|x64.ActiveCfg = Debug|Any CPU
		{DAF79C4F-0F5F-46DE-B117-9F5B32548ACE}.Debug|x64.Build.0 = Debug|Any CPU
		{DAF79C4F-0F5F-46DE-B117-9F5B32548ACE}.Debug|x86.ActiveCfg = Debug|Any CPU
		{DAF79C4F-0F5F-46DE-B117-9F5B32548ACE}.Debug|x86.Build.0 = Debug|Any CPU
		{DAF79C4F-0F5F-46DE-B117-9F5B32548ACE}.Release|Any CPU.ActiveCfg = Release|Any CPU
		{DAF79C4F-0F5F-46DE-B117-9F5B32548ACE}.Release|Any CPU.Build.0 = Release|Any CPU
		{DAF79C4F-0F5F-46DE-B117-9F5B32548ACE}.Release|x64.ActiveCfg = Release|Any CPU
		{DAF79C4F-0F5F-46DE-B117-9F5B32548ACE}.Release|x64.Build.0 = Release|Any CPU
		{DAF79C4F-0F5F-46DE-B117-9F5B32548ACE}.Release|x86.ActiveCfg = Release|Any CPU
		{DAF79C4F-0F5F-46DE-B117-9F5B32548ACE}.Release|x86.Build.0 = Release|Any CPU
		{EF4E301A-BCE7-4BDD-8D27-E9D264C275C1}.Debug|Any CPU.ActiveCfg = Debug|Any CPU
		{EF4E301A-BCE7-4BDD-8D27-E9D264C275C1}.Debug|Any CPU.Build.0 = Debug|Any CPU
		{EF4E301A-BCE7-4BDD-8D27-E9D264C275C1}.Debug|x64.ActiveCfg = Debug|Any CPU
		{EF4E301A-BCE7-4BDD-8D27-E9D264C275C1}.Debug|x64.Build.0 = Debug|Any CPU
		{EF4E301A-BCE7-4BDD-8D27-E9D264C275C1}.Debug|x86.ActiveCfg = Debug|Any CPU
		{EF4E301A-BCE7-4BDD-8D27-E9D264C275C1}.Debug|x86.Build.0 = Debug|Any CPU
		{EF4E301A-BCE7-4BDD-8D27-E9D264C275C1}.Release|Any CPU.ActiveCfg = Release|Any CPU
		{EF4E301A-BCE7-4BDD-8D27-E9D264C275C1}.Release|Any CPU.Build.0 = Release|Any CPU
		{EF4E301A-BCE7-4BDD-8D27-E9D264C275C1}.Release|x64.ActiveCfg = Release|Any CPU
		{EF4E301A-BCE7-4BDD-8D27-E9D264C275C1}.Release|x64.Build.0 = Release|Any CPU
		{EF4E301A-BCE7-4BDD-8D27-E9D264C275C1}.Release|x86.ActiveCfg = Release|Any CPU
		{EF4E301A-BCE7-4BDD-8D27-E9D264C275C1}.Release|x86.Build.0 = Release|Any CPU
		{1AA3842A-B041-4C8F-8E4F-99ACF7DF1552}.Debug|Any CPU.ActiveCfg = Debug|Any CPU
		{1AA3842A-B041-4C8F-8E4F-99ACF7DF1552}.Debug|Any CPU.Build.0 = Debug|Any CPU
		{1AA3842A-B041-4C8F-8E4F-99ACF7DF1552}.Debug|x64.ActiveCfg = Debug|Any CPU
		{1AA3842A-B041-4C8F-8E4F-99ACF7DF1552}.Debug|x64.Build.0 = Debug|Any CPU
		{1AA3842A-B041-4C8F-8E4F-99ACF7DF1552}.Debug|x86.ActiveCfg = Debug|Any CPU
		{1AA3842A-B041-4C8F-8E4F-99ACF7DF1552}.Debug|x86.Build.0 = Debug|Any CPU
		{1AA3842A-B041-4C8F-8E4F-99ACF7DF1552}.Release|Any CPU.ActiveCfg = Release|Any CPU
		{1AA3842A-B041-4C8F-8E4F-99ACF7DF1552}.Release|Any CPU.Build.0 = Release|Any CPU
		{1AA3842A-B041-4C8F-8E4F-99ACF7DF1552}.Release|x64.ActiveCfg = Release|Any CPU
		{1AA3842A-B041-4C8F-8E4F-99ACF7DF1552}.Release|x64.Build.0 = Release|Any CPU
		{1AA3842A-B041-4C8F-8E4F-99ACF7DF1552}.Release|x86.ActiveCfg = Release|Any CPU
		{1AA3842A-B041-4C8F-8E4F-99ACF7DF1552}.Release|x86.Build.0 = Release|Any CPU
		{0B73D7C1-6CEE-41ED-AD22-29A9C970C2CF}.Debug|Any CPU.ActiveCfg = Debug|Any CPU
		{0B73D7C1-6CEE-41ED-AD22-29A9C970C2CF}.Debug|Any CPU.Build.0 = Debug|Any CPU
		{0B73D7C1-6CEE-41ED-AD22-29A9C970C2CF}.Debug|x64.ActiveCfg = Debug|Any CPU
		{0B73D7C1-6CEE-41ED-AD22-29A9C970C2CF}.Debug|x64.Build.0 = Debug|Any CPU
		{0B73D7C1-6CEE-41ED-AD22-29A9C970C2CF}.Debug|x86.ActiveCfg = Debug|Any CPU
		{0B73D7C1-6CEE-41ED-AD22-29A9C970C2CF}.Debug|x86.Build.0 = Debug|Any CPU
		{0B73D7C1-6CEE-41ED-AD22-29A9C970C2CF}.Release|Any CPU.ActiveCfg = Release|Any CPU
		{0B73D7C1-6CEE-41ED-AD22-29A9C970C2CF}.Release|Any CPU.Build.0 = Release|Any CPU
		{0B73D7C1-6CEE-41ED-AD22-29A9C970C2CF}.Release|x64.ActiveCfg = Release|Any CPU
		{0B73D7C1-6CEE-41ED-AD22-29A9C970C2CF}.Release|x64.Build.0 = Release|Any CPU
		{0B73D7C1-6CEE-41ED-AD22-29A9C970C2CF}.Release|x86.ActiveCfg = Release|Any CPU
		{0B73D7C1-6CEE-41ED-AD22-29A9C970C2CF}.Release|x86.Build.0 = Release|Any CPU
	EndGlobalSection
	GlobalSection(SolutionProperties) = preSolution
		HideSolutionNode = FALSE
	EndGlobalSection
	GlobalSection(NestedProjects) = preSolution
		{B1000001-0000-0000-0000-000000000001} = {A1000001-0000-0000-0000-000000000001}
		{B1000002-0000-0000-0000-000000000002} = {A1000001-0000-0000-0000-000000000001}
		{B1000003-0000-0000-0000-000000000003} = {A1000001-0000-0000-0000-000000000001}
		{B1000004-0000-0000-0000-000000000004} = {A1000001-0000-0000-0000-000000000001}
		{B1000005-0000-0000-0000-000000000005} = {A1000001-0000-0000-0000-000000000001}
		{B1000006-0000-0000-0000-000000000006} = {A1000001-0000-0000-0000-000000000001}
		{C1000001-0000-0000-0000-000000000001} = {A1000002-0000-0000-0000-000000000002}
		{CF613E71-915B-48B4-BF2B-764DE3D036C9} = {A1000001-0000-0000-0000-000000000001}
		{6E5C2F4A-9D8B-4C3E-B7A1-2F5D8E9C0A1B} = {A1000001-0000-0000-0000-000000000001}
		{FA170C0A-17C4-CD5A-EA12-445AFE5E2D23} = {A1000001-0000-0000-0000-000000000001}
		{D8A1F3B2-5C4E-4A9D-B6E7-1F2A3C4D5E6F} = {FA170C0A-17C4-CD5A-EA12-445AFE5E2D23}
		{74F67702-8B8E-4E6D-A804-829CF751E9E7} = {FA170C0A-17C4-CD5A-EA12-445AFE5E2D23}
		{2519B378-18A1-4595-B79D-880C9D9DE291} = {FA170C0A-17C4-CD5A-EA12-445AFE5E2D23}
		{3A4B5C6D-7E8F-9A0B-C1D2-E3F4A5B6C7D8} = {FA170C0A-17C4-CD5A-EA12-445AFE5E2D23}
		{DAF79C4F-0F5F-46DE-B117-9F5B32548ACE} = {FA170C0A-17C4-CD5A-EA12-445AFE5E2D23}
		{EF4E301A-BCE7-4BDD-8D27-E9D264C275C1} = {FA170C0A-17C4-CD5A-EA12-445AFE5E2D23}
		{1AA3842A-B041-4C8F-8E4F-99ACF7DF1552} = {FA170C0A-17C4-CD5A-EA12-445AFE5E2D23}
		{0B73D7C1-6CEE-41ED-AD22-29A9C970C2CF} = {FA170C0A-17C4-CD5A-EA12-445AFE5E2D23}
	EndGlobalSection
	GlobalSection(ExtensibilityGlobals) = postSolution
		SolutionGuid = {F0D1F2A3-B4C5-6789-ABCD-EF0123456789}
	EndGlobalSection
EndGlobal
